
Microsoft Visual Studio Solution File, Format Version 12.00
# Visual Studio 15
VisualStudioVersion = 15.0.27428.2015
MinimumVisualStudioVersion = 10.0.40219.1
Project("{9A19103F-16F7-4668-BE54-9A1E7A4F7556}") = "Test.Service", "Test.BLL\Test.Service.csproj", "{82800BC9-EA57-4697-A9B6-3C6570ADFA55}"
EndProject
Project("{9A19103F-16F7-4668-BE54-9A1E7A4F7556}") = "Test.Domain", "Test.Domain\Test.Domain.csproj", "{782F8B51-54B8-4E0C-A305-B1135207DBEF}"
EndProject
Project("{9A19103F-16F7-4668-BE54-9A1E7A4F7556}") = "Test.Core", "Test.Core\Test.Core.csproj", "{1A6CDE96-0EA1-4BA8-A69C-84E89EE26F3B}"
EndProject
Project("{2150E333-8FDC-42A3-9474-1A3956D46DE8}") = "Web", "Web", "{88E83B09-406F-4AEB-9EB9-3E6603891835}"
EndProject
Project("{9A19103F-16F7-4668-BE54-9A1E7A4F7556}") = "Test.Web", "Web\Test.Web\Test.Web.csproj", "{161CBAA1-9C24-430A-AC89-BA678E4C39CC}"
	ProjectSection(ProjectDependencies) = postProject
		{82800BC9-EA57-4697-A9B6-3C6570ADFA55} = {82800BC9-EA57-4697-A9B6-3C6570ADFA55}
	EndProjectSection
EndProject
Project("{9A19103F-16F7-4668-BE54-9A1E7A4F7556}") = "Test.IdentityServer", "Web\Test.IdentityServer\Test.IdentityServer.csproj", "{1AF87152-F320-4BD3-B43A-19480EEAAC58}"
EndProject
Project("{2150E333-8FDC-42A3-9474-1A3956D46DE8}") = "UnitTest", "UnitTest", "{3ED72099-7FB3-44E6-A89F-0610077BB9F9}"
EndProject
Project("{FAE04EC0-301F-11D3-BF4B-00C04F79EFBC}") = "Test.XUnitTest", "UnitTest\Test.XUnitTest\Test.XUnitTest.csproj", "{09E66101-7CA8-4E97-81AC-5391D3C72957}"
EndProject
Global
	GlobalSection(SolutionConfigurationPlatforms) = preSolution
		Debug|Any CPU = Debug|Any CPU
		Release|Any CPU = Release|Any CPU
	EndGlobalSection
	GlobalSection(ProjectConfigurationPlatforms) = postSolution
		{82800BC9-EA57-4697-A9B6-3C6570ADFA55}.Debug|Any CPU.ActiveCfg = Debug|Any CPU
		{82800BC9-EA57-4697-A9B6-3C6570ADFA55}.Debug|Any CPU.Build.0 = Debug|Any CPU
		{82800BC9-EA57-4697-A9B6-3C6570ADFA55}.Release|Any CPU.ActiveCfg = Release|Any CPU
		{82800BC9-EA57-4697-A9B6-3C6570ADFA55}.Release|Any CPU.Build.0 = Release|Any CPU
		{782F8B51-54B8-4E0C-A305-B1135207DBEF}.Debug|Any CPU.ActiveCfg = Debug|Any CPU
		{782F8B51-54B8-4E0C-A305-B1135207DBEF}.Debug|Any CPU.Build.0 = Debug|Any CPU
		{782F8B51-54B8-4E0C-A305-B1135207DBEF}.Release|Any CPU.ActiveCfg = Release|Any CPU
		{782F8B51-54B8-4E0C-A305-B1135207DBEF}.Release|Any CPU.Build.0 = Release|Any CPU
		{1A6CDE96-0EA1-4BA8-A69C-84E89EE26F3B}.Debug|Any CPU.ActiveCfg = Debug|Any CPU
		{1A6CDE96-0EA1-4BA8-A69C-84E89EE26F3B}.Debug|Any CPU.Build.0 = Debug|Any CPU
		{1A6CDE96-0EA1-4BA8-A69C-84E89EE26F3B}.Release|Any CPU.ActiveCfg = Release|Any CPU
		{1A6CDE96-0EA1-4BA8-A69C-84E89EE26F3B}.Release|Any CPU.Build.0 = Release|Any CPU
		{161CBAA1-9C24-430A-AC89-BA678E4C39CC}.Debug|Any CPU.ActiveCfg = Debug|Any CPU
		{161CBAA1-9C24-430A-AC89-BA678E4C39CC}.Debug|Any CPU.Build.0 = Debug|Any CPU
		{161CBAA1-9C24-430A-AC89-BA678E4C39CC}.Release|Any CPU.ActiveCfg = Release|Any CPU
		{161CBAA1-9C24-430A-AC89-BA678E4C39CC}.Release|Any CPU.Build.0 = Release|Any CPU
		{1AF87152-F320-4BD3-B43A-19480EEAAC58}.Debug|Any CPU.ActiveCfg = Debug|Any CPU
		{1AF87152-F320-4BD3-B43A-19480EEAAC58}.Debug|Any CPU.Build.0 = Debug|Any CPU
		{1AF87152-F320-4BD3-B43A-19480EEAAC58}.Release|Any CPU.ActiveCfg = Release|Any CPU
		{1AF87152-F320-4BD3-B43A-19480EEAAC58}.Release|Any CPU.Build.0 = Release|Any CPU
		{09E66101-7CA8-4E97-81AC-5391D3C72957}.Debug|Any CPU.ActiveCfg = Debug|Any CPU
		{09E66101-7CA8-4E97-81AC-5391D3C72957}.Debug|Any CPU.Build.0 = Debug|Any CPU
		{09E66101-7CA8-4E97-81AC-5391D3C72957}.Release|Any CPU.ActiveCfg = Release|Any CPU
		{09E66101-7CA8-4E97-81AC-5391D3C72957}.Release|Any CPU.Build.0 = Release|Any CPU
	EndGlobalSection
	GlobalSection(SolutionProperties) = preSolution
		HideSolutionNode = FALSE
	EndGlobalSection
	GlobalSection(NestedProjects) = preSolution
		{161CBAA1-9C24-430A-AC89-BA678E4C39CC} = {88E83B09-406F-4AEB-9EB9-3E6603891835}
		{1AF87152-F320-4BD3-B43A-19480EEAAC58} = {88E83B09-406F-4AEB-9EB9-3E6603891835}
		{09E66101-7CA8-4E97-81AC-5391D3C72957} = {3ED72099-7FB3-44E6-A89F-0610077BB9F9}
	EndGlobalSection
	GlobalSection(ExtensibilityGlobals) = postSolution
		SolutionGuid = {1335F7C5-7693-4489-97C9-EE9120BA8732}
	EndGlobalSection
EndGlobal
